# This file is automatically @generated by Poetry 1.6.1 and should not be changed by hand.

[[package]]
name = "netflow"
version = "0.12.2"
description = "NetFlow v1, v5, v9 and IPFIX tool suite implemented in Python 3"
optional = false
python-versions = ">=3.5.3"
files = [
    {file = "netflow-0.12.2-py3-none-any.whl", hash = "sha256:5909bc6955093e80cb68066f4e0cd03d99222f62edf178e191b488faecb83758"},
    {file = "netflow-0.12.2.tar.gz", hash = "sha256:d8d3436bee19317b6f830d9d7635c3a2ae64591ea5cc3efd91832cf772895ff4"},
]

[[package]]
name = "tk"
version = "0.1.0"
description = "TensorKit is a deep learning helper between Python and C++."
optional = false
python-versions = "*"
files = [
    {file = "tk-0.1.0-py3-none-any.whl", hash = "sha256:703a69ff0d5ba2bd2f7440582ad10160e4a6561595d33457dc6caa79b9bf4930"},
    {file = "tk-0.1.0.tar.gz", hash = "sha256:60bc8923d5d35f67f5c6bd93d4f0c49d2048114ec077768f959aef36d4ed97f8"},
]

[metadata]
lock-version = "2.0"
python-versions = "^3.12"
content-hash = "20e33c1c952adaee416b3ea862fdc7b86bf2303d0db638daaec69275cf94720f"
